
Microsoft Visual Studio Solution File, Format Version 12.00
# Visual Studio Version 17
VisualStudioVersion = 17.3.32922.545
MinimumVisualStudioVersion = 10.0.40219.1
Project("{FAE04EC0-301F-11D3-BF4B-00C04F79EFBC}") = "CagriMerkeziAPI", "CagriMerkeziAPI.csproj", "{EEFD766C-C81C-4183-8AB1-8573061965BB}"
EndProject
Global
	GlobalSection(SolutionConfigurationPlatforms) = preSolution
		Debug|Any CPU = Debug|Any CPU
		Release|Any CPU = Release|Any CPU
	EndGlobalSection
	GlobalSection(ProjectConfigurationPlatforms) = postSolution
		{EEFD766C-C81C-4183-8AB1-8573061965BB}.Debug|Any CPU.ActiveCfg = Debug|Any CPU
		{EEFD766C-C81C-4183-8AB1-8573061965BB}.Debug|Any CPU.Build.0 = Debug|Any CPU
		{EEFD766C-C81C-4183-8AB1-8573061965BB}.Release|Any CPU.ActiveCfg = Release|Any CPU
		{EEFD766C-C81C-4183-8AB1-8573061965BB}.Release|Any CPU.Build.0 = Release|Any CPU
	EndGlobalSection
	GlobalSection(SolutionProperties) = preSolution
		HideSolutionNode = FALSE
	EndGlobalSection
	GlobalSection(ExtensibilityGlobals) = postSolution
		SolutionGuid = {C2E1F830-5942-45C7-8C75-085717D36D33}
	EndGlobalSection
EndGlobal
